
Microsoft Visual Studio Solution File, Format Version 12.00
# Visual Studio Version 17
VisualStudioVersion = 17.5.33627.172
MinimumVisualStudioVersion = 10.0.40219.1
Project("{2150E333-8FDC-42A3-9474-1A3956D46DE8}") = "BookingService", "BookingService", "{996C8E48-110D-4026-BCE8-03DF78968CF6}"
EndProject
Project("{2150E333-8FDC-42A3-9474-1A3956D46DE8}") = "PaymentService", "PaymentService", "{9435D7AA-F2AE-4E99-8851-F6572A2B5594}"
EndProject
Project("{2150E333-8FDC-42A3-9474-1A3956D46DE8}") = "Core", "Core", "{162EE073-79B9-447C-95DB-F00C8C1803AC}"
EndProject
Project("{2150E333-8FDC-42A3-9474-1A3956D46DE8}") = "Domain", "Domain", "{38272A55-E2AD-4DA8-94E0-7ECDFD8C8659}"
EndProject
Project("{2150E333-8FDC-42A3-9474-1A3956D46DE8}") = "Application", "Application", "{B554C44B-505E-4D68-8B85-FEB9F3CA7560}"
EndProject
Project("{2150E333-8FDC-42A3-9474-1A3956D46DE8}") = "Adapters", "Adapters", "{21CF7C34-269E-4246-8565-95BF1C5D2269}"
EndProject
Project("{2150E333-8FDC-42A3-9474-1A3956D46DE8}") = "Consumers", "Consumers", "{F4B09D56-6F9E-494C-9C62-6A8854E74CA2}"
EndProject
Project("{2150E333-8FDC-42A3-9474-1A3956D46DE8}") = "Tests", "Tests", "{564D810D-1E3A-49CB-B4F0-6C33CF2E2C21}"
EndProject
Project("{2150E333-8FDC-42A3-9474-1A3956D46DE8}") = "Domain", "Domain", "{446612CF-6C03-492B-B665-16B5BE0AAC01}"
EndProject
Project("{2150E333-8FDC-42A3-9474-1A3956D46DE8}") = "Application", "Application", "{D9987DC8-3390-439A-A5E6-0C04A4200843}"
EndProject
Project("{2150E333-8FDC-42A3-9474-1A3956D46DE8}") = "Adapters", "Adapters", "{60CE207C-3AC2-4F06-A2D9-A3F3AB39D8EA}"
EndProject
Project("{9A19103F-16F7-4668-BE54-9A1E7A4F7556}") = "DomainTests", "BookingService\Tests\Domain\DomainTests\DomainTests.csproj", "{A25820AD-1A55-43F3-B8E7-2755A75CEF70}"
EndProject
Project("{9A19103F-16F7-4668-BE54-9A1E7A4F7556}") = "ApplicationTests", "BookingService\Tests\Application\ApplicationTests\ApplicationTests.csproj", "{BB822102-9363-4137-BD0E-E0961D756C00}"
EndProject
Project("{9A19103F-16F7-4668-BE54-9A1E7A4F7556}") = "AdaptersTests", "BookingService\Tests\Adapters\AdaptersTests\AdaptersTests.csproj", "{FEB0DC51-324B-43CF-9030-CC8101F744FE}"
EndProject
Project("{9A19103F-16F7-4668-BE54-9A1E7A4F7556}") = "API", "BookingService\Consumers\API\API.csproj", "{1BAEBABF-03D7-45F7-A802-1751736E0F14}"
EndProject
Project("{9A19103F-16F7-4668-BE54-9A1E7A4F7556}") = "Data", "BookingService\Adapters\Data\Data.csproj", "{DAEBD6FF-E832-4315-93C6-1BB22384E63D}"
EndProject
Project("{9A19103F-16F7-4668-BE54-9A1E7A4F7556}") = "Application", "BookingService\Core\Application\Application.csproj", "{B019B24F-E90D-44DB-90E1-E3861D5BAB14}"
EndProject
Project("{9A19103F-16F7-4668-BE54-9A1E7A4F7556}") = "Domain", "BookingService\Core\Domain\Domain.csproj", "{D6D16C2A-2766-44C7-A9C6-8C1B475E846D}"
EndProject
Global
	GlobalSection(SolutionConfigurationPlatforms) = preSolution
		Debug|Any CPU = Debug|Any CPU
		Release|Any CPU = Release|Any CPU
	EndGlobalSection
	GlobalSection(ProjectConfigurationPlatforms) = postSolution
		{A25820AD-1A55-43F3-B8E7-2755A75CEF70}.Debug|Any CPU.ActiveCfg = Debug|Any CPU
		{A25820AD-1A55-43F3-B8E7-2755A75CEF70}.Debug|Any CPU.Build.0 = Debug|Any CPU
		{A25820AD-1A55-43F3-B8E7-2755A75CEF70}.Release|Any CPU.ActiveCfg = Release|Any CPU
		{A25820AD-1A55-43F3-B8E7-2755A75CEF70}.Release|Any CPU.Build.0 = Release|Any CPU
		{BB822102-9363-4137-BD0E-E0961D756C00}.Debug|Any CPU.ActiveCfg = Debug|Any CPU
		{BB822102-9363-4137-BD0E-E0961D756C00}.Debug|Any CPU.Build.0 = Debug|Any CPU
		{BB822102-9363-4137-BD0E-E0961D756C00}.Release|Any CPU.ActiveCfg = Release|Any CPU
		{BB822102-9363-4137-BD0E-E0961D756C00}.Release|Any CPU.Build.0 = Release|Any CPU
		{FEB0DC51-324B-43CF-9030-CC8101F744FE}.Debug|Any CPU.ActiveCfg = Debug|Any CPU
		{FEB0DC51-324B-43CF-9030-CC8101F744FE}.Debug|Any CPU.Build.0 = Debug|Any CPU
		{FEB0DC51-324B-43CF-9030-CC8101F744FE}.Release|Any CPU.ActiveCfg = Release|Any CPU
		{FEB0DC51-324B-43CF-9030-CC8101F744FE}.Release|Any CPU.Build.0 = Release|Any CPU
		{1BAEBABF-03D7-45F7-A802-1751736E0F14}.Debug|Any CPU.ActiveCfg = Debug|Any CPU
		{1BAEBABF-03D7-45F7-A802-1751736E0F14}.Debug|Any CPU.Build.0 = Debug|Any CPU
		{1BAEBABF-03D7-45F7-A802-1751736E0F14}.Release|Any CPU.ActiveCfg = Release|Any CPU
		{1BAEBABF-03D7-45F7-A802-1751736E0F14}.Release|Any CPU.Build.0 = Release|Any CPU
		{DAEBD6FF-E832-4315-93C6-1BB22384E63D}.Debug|Any CPU.ActiveCfg = Debug|Any CPU
		{DAEBD6FF-E832-4315-93C6-1BB22384E63D}.Debug|Any CPU.Build.0 = Debug|Any CPU
		{DAEBD6FF-E832-4315-93C6-1BB22384E63D}.Release|Any CPU.ActiveCfg = Release|Any CPU
		{DAEBD6FF-E832-4315-93C6-1BB22384E63D}.Release|Any CPU.Build.0 = Release|Any CPU
		{B019B24F-E90D-44DB-90E1-E3861D5BAB14}.Debug|Any CPU.ActiveCfg = Debug|Any CPU
		{B019B24F-E90D-44DB-90E1-E3861D5BAB14}.Debug|Any CPU.Build.0 = Debug|Any CPU
		{B019B24F-E90D-44DB-90E1-E3861D5BAB14}.Release|Any CPU.ActiveCfg = Release|Any CPU
		{B019B24F-E90D-44DB-90E1-E3861D5BAB14}.Release|Any CPU.Build.0 = Release|Any CPU
		{D6D16C2A-2766-44C7-A9C6-8C1B475E846D}.Debug|Any CPU.ActiveCfg = Debug|Any CPU
		{D6D16C2A-2766-44C7-A9C6-8C1B475E846D}.Debug|Any CPU.Build.0 = Debug|Any CPU
		{D6D16C2A-2766-44C7-A9C6-8C1B475E846D}.Release|Any CPU.ActiveCfg = Release|Any CPU
		{D6D16C2A-2766-44C7-A9C6-8C1B475E846D}.Release|Any CPU.Build.0 = Release|Any CPU
	EndGlobalSection
	GlobalSection(SolutionProperties) = preSolution
		HideSolutionNode = FALSE
	EndGlobalSection
	GlobalSection(NestedProjects) = preSolution
		{162EE073-79B9-447C-95DB-F00C8C1803AC} = {996C8E48-110D-4026-BCE8-03DF78968CF6}
		{38272A55-E2AD-4DA8-94E0-7ECDFD8C8659} = {162EE073-79B9-447C-95DB-F00C8C1803AC}
		{B554C44B-505E-4D68-8B85-FEB9F3CA7560} = {162EE073-79B9-447C-95DB-F00C8C1803AC}
		{21CF7C34-269E-4246-8565-95BF1C5D2269} = {996C8E48-110D-4026-BCE8-03DF78968CF6}
		{F4B09D56-6F9E-494C-9C62-6A8854E74CA2} = {996C8E48-110D-4026-BCE8-03DF78968CF6}
		{564D810D-1E3A-49CB-B4F0-6C33CF2E2C21} = {996C8E48-110D-4026-BCE8-03DF78968CF6}
		{446612CF-6C03-492B-B665-16B5BE0AAC01} = {564D810D-1E3A-49CB-B4F0-6C33CF2E2C21}
		{D9987DC8-3390-439A-A5E6-0C04A4200843} = {564D810D-1E3A-49CB-B4F0-6C33CF2E2C21}
		{60CE207C-3AC2-4F06-A2D9-A3F3AB39D8EA} = {564D810D-1E3A-49CB-B4F0-6C33CF2E2C21}
		{A25820AD-1A55-43F3-B8E7-2755A75CEF70} = {446612CF-6C03-492B-B665-16B5BE0AAC01}
		{BB822102-9363-4137-BD0E-E0961D756C00} = {D9987DC8-3390-439A-A5E6-0C04A4200843}
		{FEB0DC51-324B-43CF-9030-CC8101F744FE} = {60CE207C-3AC2-4F06-A2D9-A3F3AB39D8EA}
		{1BAEBABF-03D7-45F7-A802-1751736E0F14} = {F4B09D56-6F9E-494C-9C62-6A8854E74CA2}
		{DAEBD6FF-E832-4315-93C6-1BB22384E63D} = {21CF7C34-269E-4246-8565-95BF1C5D2269}
		{B019B24F-E90D-44DB-90E1-E3861D5BAB14} = {B554C44B-505E-4D68-8B85-FEB9F3CA7560}
		{D6D16C2A-2766-44C7-A9C6-8C1B475E846D} = {38272A55-E2AD-4DA8-94E0-7ECDFD8C8659}
	EndGlobalSection
	GlobalSection(ExtensibilityGlobals) = postSolution
		SolutionGuid = {90FDBD69-3852-4CEA-8469-1E23E61FB1D3}
	EndGlobalSection
EndGlobal
